{
    "_meta": {
        "hash": {
            "sha256": "b2f3387fa09484b060bcd0a1dcb1e1b63e7650a366694549c7b75c150efe7303"
        },
        "pipfile-spec": 6,
        "requires": {
            "python_version": "3.10"
        },
        "sources": [
            {
                "name": "pypi",
                "url": "https://pypi.org/simple",
                "verify_ssl": true
            }
        ]
    },
    "default": {
        "blessed": {
            "hashes": [
                "sha256:0c542922586a265e699188e52d5f5ac5ec0dd517e5a1041d90d2bbf23f906058",
                "sha256:2cdd67f8746e048f00df47a2880f4d6acbcdb399031b604e34ba8f71d5787680"
            ],
            "markers": "python_version >= '2.7'",
            "version": "==1.20.0"
        },
        "editor": {
            "hashes": [
                "sha256:bb6989e872638cd119db9a4fce284cd8e13c553886a1c044c6b8d8a160c871f8",
                "sha256:e818e6913f26c2a81eadef503a2741d7cca7f235d20e217274a009ecd5a74abf"
            ],
            "markers": "python_version >= '3.8'",
            "version": "==1.6.6"
        },
        "inquirer": {
            "hashes": [
                "sha256:273a4e4a4345ac1afdb17408d40fc8dccf3485db68203357919468561035a763",
                "sha256:33b09efc1b742b9d687b540296a8b6a3f773399673321fcc2ab0eb4c109bf9b5"
            ],
            "index": "pypi",
            "version": "==3.2.4"
        },
        "markdown-it-py": {
            "hashes": [
                "sha256:355216845c60bd96232cd8d8c40e8f9765cc86f46880e43a8fd22dc1a1a8cab1",
                "sha256:e3f60a94fa066dc52ec76661e37c851cb232d92f9886b15cb560aaada2df8feb"
            ],
            "markers": "python_version >= '3.8'",
            "version": "==3.0.0"
        },
        "mdurl": {
            "hashes": [
                "sha256:84008a41e51615a49fc9966191ff91509e3c40b939176e643fd50a5c2196b8f8",
                "sha256:bb413d29f5eea38f31dd4754dd7377d4465116fb207585f97bf925588687c1ba"
            ],
            "markers": "python_version >= '3.7'",
            "version": "==0.1.2"
        },
        "pygments": {
            "hashes": [
                "sha256:b27c2826c47d0f3219f29554824c30c5e8945175d888647acd804ddd04af846c",
                "sha256:da46cec9fd2de5be3a8a784f434e4c4ab670b4ff54d605c4c2717e9d49c4c367"
            ],
            "markers": "python_version >= '3.7'",
            "version": "==2.17.2"
        },
        "readchar": {
            "hashes": [
                "sha256:b4b31dd35de4897be738f27e8f9f62426b5fedb54b648364987e30ae534b71bc",
                "sha256:e0dae942d3a746f8d5423f83dbad67efe704004baafe31b626477929faaee472"
            ],
            "markers": "python_version >= '3.8'",
            "version": "==4.0.6"
        },
        "rich": {
            "hashes": [
                "sha256:4edbae314f59eb482f54e9e30bf00d33350aaa94f4bfcd4e9e3110e64d0d7222",
                "sha256:9be308cb1fe2f1f57d67ce99e95af38a1e2bc71ad9813b0e247cf7ffbcc3a432"
            ],
            "index": "pypi",
            "version": "==13.7.1"
        },
        "runs": {
            "hashes": [
                "sha256:0980dcbc25aba1505f307ac4f0e9e92cbd0be2a15a1e983ee86c24c87b839dfd",
                "sha256:9dc1815e2895cfb3a48317b173b9f1eac9ba5549b36a847b5cc60c3bf82ecef1"
            ],
            "markers": "python_version >= '3.8'",
            "version": "==1.2.2"
        },
        "setuptools": {
            "hashes": [
                "sha256:6c1fccdac05a97e598fb0ae3bbed5904ccb317337a51139dcd51453611bbb987",
                "sha256:c636ac361bc47580504644275c9ad802c50415c7522212252c033bd15f301f32"
            ],
            "markers": "python_version >= '3.8'",
            "version": "==69.5.1"
        },
        "six": {
            "hashes": [
                "sha256:1e61c37477a1626458e36f7b1d82aa5c9b094fa4802892072e49de9c60c4c926",
                "sha256:8abb2f1d86890a2dfb989f9a77cfcfd3e47c2a354b01111771326f8aa26e0254"
            ],
            "markers": "python_version >= '2.7' and python_version not in '3.0, 3.1, 3.2, 3.3'",
            "version": "==1.16.0"
        },
        "wcwidth": {
            "hashes": [
                "sha256:3da69048e4540d84af32131829ff948f1e022c1c6bdb8d6102117aac784f6859",
                "sha256:72ea0c06399eb286d978fdedb6923a9eb47e1c486ce63e9b4e64fc18303972b5"
            ],
            "version": "==0.2.13"
        },
        "xmod": {
            "hashes": [
                "sha256:38c76486b9d672c546d57d8035df0beb7f4a9b088bc3fb2de5431ae821444377",
                "sha256:a24e9458a4853489042522bdca9e50ee2eac5ab75c809a91150a8a7f40670d48"
            ],
            "markers": "python_version >= '3.8'",
            "version": "==1.8.1"
        }
    },
    "develop": {}
}
